// !$*UTF8*$!
{
	archiveVersion = 1;
	classes = {
	};
	objectVersion = 46;
	objects = {

/* Begin PBXBuildFile section */
		D03563621AFD975A00662444 /* AppDelegate.swift in Sources */ = {isa = PBXBuildFile; fileRef = D03563611AFD975A00662444 /* AppDelegate.swift */; };
		D03563691AFD975B00662444 /* Images.xcassets in Resources */ = {isa = PBXBuildFile; fileRef = D03563681AFD975B00662444 /* Images.xcassets */; };
		D03563781AFD975B00662444 /* PWCodeEditorTests.swift in Sources */ = {isa = PBXBuildFile; fileRef = D03563771AFD975B00662444 /* PWCodeEditorTests.swift */; };
		D03563861AFD99B000662444 /* CreateFileViewController.swift in Sources */ = {isa = PBXBuildFile; fileRef = D03563841AFD99B000662444 /* CreateFileViewController.swift */; };
		D035638D1AFD99C700662444 /* EditFileViewController.swift in Sources */ = {isa = PBXBuildFile; fileRef = D03563871AFD99C700662444 /* EditFileViewController.swift */; };
		D035638E1AFD99C700662444 /* HelpViewController.swift in Sources */ = {isa = PBXBuildFile; fileRef = D03563881AFD99C700662444 /* HelpViewController.swift */; };
		D035638F1AFD99C700662444 /* LocalFileListViewController.swift in Sources */ = {isa = PBXBuildFile; fileRef = D03563891AFD99C700662444 /* LocalFileListViewController.swift */; };
		D03563901AFD99C700662444 /* MainViewController.swift in Sources */ = {isa = PBXBuildFile; fileRef = D035638A1AFD99C700662444 /* MainViewController.swift */; };
		D03563911AFD99C700662444 /* RecentFileListViewController.swift in Sources */ = {isa = PBXBuildFile; fileRef = D035638B1AFD99C700662444 /* RecentFileListViewController.swift */; };
		D03563921AFD99C700662444 /* SettingViewController.swift in Sources */ = {isa = PBXBuildFile; fileRef = D035638C1AFD99C700662444 /* SettingViewController.swift */; };
		D03563941AFD99F300662444 /* Dialog.swift in Sources */ = {isa = PBXBuildFile; fileRef = D03563931AFD99F300662444 /* Dialog.swift */; };
		D03563991AFD9A0300662444 /* FileUtil.swift in Sources */ = {isa = PBXBuildFile; fileRef = D03563951AFD9A0300662444 /* FileUtil.swift */; };
		D035639A1AFD9A0300662444 /* LocaleConstants.swift in Sources */ = {isa = PBXBuildFile; fileRef = D03563961AFD9A0300662444 /* LocaleConstants.swift */; };
		D035639B1AFD9A0300662444 /* Log.swift in Sources */ = {isa = PBXBuildFile; fileRef = D03563971AFD9A0300662444 /* Log.swift */; };
/* End PBXBuildFile section */

/* Begin PBXContainerItemProxy section */
		D03563721AFD975B00662444 /* PBXContainerItemProxy */ = {
			isa = PBXContainerItemProxy;
			containerPortal = D03563541AFD975A00662444 /* Project object */;
			proxyType = 1;
			remoteGlobalIDString = D035635B1AFD975A00662444;
			remoteInfo = PWCodeEditor;
		};
/* End PBXContainerItemProxy section */

/* Begin PBXFileReference section */
		D035635C1AFD975A00662444 /* PWCodeEditor.app */ = {isa = PBXFileReference; explicitFileType = wrapper.application; includeInIndex = 0; path = PWCodeEditor.app; sourceTree = BUILT_PRODUCTS_DIR; };
		D03563601AFD975A00662444 /* Info.plist */ = {isa = PBXFileReference; lastKnownFileType = text.plist.xml; path = Info.plist; sourceTree = "<group>"; };
		D03563611AFD975A00662444 /* AppDelegate.swift */ = {isa = PBXFileReference; lastKnownFileType = sourcecode.swift; path = AppDelegate.swift; sourceTree = "<group>"; };
		D03563681AFD975B00662444 /* Images.xcassets */ = {isa = PBXFileReference; lastKnownFileType = folder.assetcatalog; path = Images.xcassets; sourceTree = "<group>"; };
		D03563711AFD975B00662444 /* PWCodeEditorTests.xctest */ = {isa = PBXFileReference; explicitFileType = wrapper.cfbundle; includeInIndex = 0; path = PWCodeEditorTests.xctest; sourceTree = BUILT_PRODUCTS_DIR; };
		D03563761AFD975B00662444 /* Info.plist */ = {isa = PBXFileReference; lastKnownFileType = text.plist.xml; path = Info.plist; sourceTree = "<group>"; };
		D03563771AFD975B00662444 /* PWCodeEditorTests.swift */ = {isa = PBXFileReference; lastKnownFileType = sourcecode.swift; path = PWCodeEditorTests.swift; sourceTree = "<group>"; };
		D03563841AFD99B000662444 /* CreateFileViewController.swift */ = {isa = PBXFileReference; fileEncoding = 4; lastKnownFileType = sourcecode.swift; path = CreateFileViewController.swift; sourceTree = "<group>"; };
		D03563871AFD99C700662444 /* EditFileViewController.swift */ = {isa = PBXFileReference; fileEncoding = 4; lastKnownFileType = sourcecode.swift; path = EditFileViewController.swift; sourceTree = "<group>"; };
		D03563881AFD99C700662444 /* HelpViewController.swift */ = {isa = PBXFileReference; fileEncoding = 4; lastKnownFileType = sourcecode.swift; path = HelpViewController.swift; sourceTree = "<group>"; };
		D03563891AFD99C700662444 /* LocalFileListViewController.swift */ = {isa = PBXFileReference; fileEncoding = 4; lastKnownFileType = sourcecode.swift; path = LocalFileListViewController.swift; sourceTree = "<group>"; };
		D035638A1AFD99C700662444 /* MainViewController.swift */ = {isa = PBXFileReference; fileEncoding = 4; lastKnownFileType = sourcecode.swift; path = MainViewController.swift; sourceTree = "<group>"; };
		D035638B1AFD99C700662444 /* RecentFileListViewController.swift */ = {isa = PBXFileReference; fileEncoding = 4; lastKnownFileType = sourcecode.swift; path = RecentFileListViewController.swift; sourceTree = "<group>"; };
		D035638C1AFD99C700662444 /* SettingViewController.swift */ = {isa = PBXFileReference; fileEncoding = 4; lastKnownFileType = sourcecode.swift; path = SettingViewController.swift; sourceTree = "<group>"; };
		D03563931AFD99F300662444 /* Dialog.swift */ = {isa = PBXFileReference; fileEncoding = 4; lastKnownFileType = sourcecode.swift; path = Dialog.swift; sourceTree = "<group>"; };
		D03563951AFD9A0300662444 /* FileUtil.swift */ = {isa = PBXFileReference; fileEncoding = 4; lastKnownFileType = sourcecode.swift; path = FileUtil.swift; sourceTree = "<group>"; };
		D03563961AFD9A0300662444 /* LocaleConstants.swift */ = {isa = PBXFileReference; fileEncoding = 4; lastKnownFileType = sourcecode.swift; path = LocaleConstants.swift; sourceTree = "<group>"; };
		D03563971AFD9A0300662444 /* Log.swift */ = {isa = PBXFileReference; fileEncoding = 4; lastKnownFileType = sourcecode.swift; path = Log.swift; sourceTree = "<group>"; };
/* End PBXFileReference section */

/* Begin PBXFrameworksBuildPhase section */
		D03563591AFD975A00662444 /* Frameworks */ = {
			isa = PBXFrameworksBuildPhase;
			buildActionMask = 2147483647;
			files = (
			);
			runOnlyForDeploymentPostprocessing = 0;
		};
		D035636E1AFD975B00662444 /* Frameworks */ = {
			isa = PBXFrameworksBuildPhase;
			buildActionMask = 2147483647;
			files = (
			);
			runOnlyForDeploymentPostprocessing = 0;
		};
/* End PBXFrameworksBuildPhase section */

/* Begin PBXGroup section */
		D03563531AFD975A00662444 = {
			isa = PBXGroup;
			children = (
				D035635E1AFD975A00662444 /* PWCodeEditor */,
				D03563741AFD975B00662444 /* PWCodeEditorTests */,
				D035635D1AFD975A00662444 /* Products */,
			);
			sourceTree = "<group>";
		};
		D035635D1AFD975A00662444 /* Products */ = {
			isa = PBXGroup;
			children = (
				D035635C1AFD975A00662444 /* PWCodeEditor.app */,
				D03563711AFD975B00662444 /* PWCodeEditorTests.xctest */,
			);
			name = Products;
			sourceTree = "<group>";
		};
		D035635E1AFD975A00662444 /* PWCodeEditor */ = {
			isa = PBXGroup;
			children = (
				D03563611AFD975A00662444 /* AppDelegate.swift */,
				D03563821AFD999300662444 /* Util */,
				D03563811AFD998B00662444 /* ViewController */,
				D03563681AFD975B00662444 /* Images.xcassets */,
				D035635F1AFD975A00662444 /* Supporting Files */,
			);
			path = PWCodeEditor;
			sourceTree = "<group>";
		};
		D035635F1AFD975A00662444 /* Supporting Files */ = {
			isa = PBXGroup;
			children = (
				D03563601AFD975A00662444 /* Info.plist */,
			);
			name = "Supporting Files";
			sourceTree = "<group>";
		};
		D03563741AFD975B00662444 /* PWCodeEditorTests */ = {
			isa = PBXGroup;
			children = (
				D03563771AFD975B00662444 /* PWCodeEditorTests.swift */,
				D03563751AFD975B00662444 /* Supporting Files */,
			);
			path = PWCodeEditorTests;
			sourceTree = "<group>";
		};
		D03563751AFD975B00662444 /* Supporting Files */ = {
			isa = PBXGroup;
			children = (
				D03563761AFD975B00662444 /* Info.plist */,
			);
			name = "Supporting Files";
			sourceTree = "<group>";
		};
		D03563811AFD998B00662444 /* ViewController */ = {
			isa = PBXGroup;
			children = (
				D035638A1AFD99C700662444 /* MainViewController.swift */,
				D035638B1AFD99C700662444 /* RecentFileListViewController.swift */,
				D03563891AFD99C700662444 /* LocalFileListViewController.swift */,
				D03563871AFD99C700662444 /* EditFileViewController.swift */,
				D03563841AFD99B000662444 /* CreateFileViewController.swift */,
				D035638C1AFD99C700662444 /* SettingViewController.swift */,
				D03563881AFD99C700662444 /* HelpViewController.swift */,
			);
			name = ViewController;
			sourceTree = "<group>";
		};
		D03563821AFD999300662444 /* Util */ = {
			isa = PBXGroup;
			children = (
				D03563961AFD9A0300662444 /* LocaleConstants.swift */,
				D03563971AFD9A0300662444 /* Log.swift */,
				D03563951AFD9A0300662444 /* FileUtil.swift */,
				D03563931AFD99F300662444 /* Dialog.swift */,
			);
			name = Util;
			sourceTree = "<group>";
		};
/* End PBXGroup section */

/* Begin PBXNativeTarget section */
		D035635B1AFD975A00662444 /* PWCodeEditor */ = {
			isa = PBXNativeTarget;
			buildConfigurationList = D035637B1AFD975B00662444 /* Build configuration list for PBXNativeTarget "PWCodeEditor" */;
			buildPhases = (
				D03563581AFD975A00662444 /* Sources */,
				D03563591AFD975A00662444 /* Frameworks */,
				D035635A1AFD975A00662444 /* Resources */,
			);
			buildRules = (
			);
			dependencies = (
			);
			name = PWCodeEditor;
			productName = PWCodeEditor;
			productReference = D035635C1AFD975A00662444 /* PWCodeEditor.app */;
			productType = "com.apple.product-type.application";
		};
		D03563701AFD975B00662444 /* PWCodeEditorTests */ = {
			isa = PBXNativeTarget;
			buildConfigurationList = D035637E1AFD975B00662444 /* Build configuration list for PBXNativeTarget "PWCodeEditorTests" */;
			buildPhases = (
				D035636D1AFD975B00662444 /* Sources */,
				D035636E1AFD975B00662444 /* Frameworks */,
				D035636F1AFD975B00662444 /* Resources */,
			);
			buildRules = (
			);
			dependencies = (
				D03563731AFD975B00662444 /* PBXTargetDependency */,
			);
			name = PWCodeEditorTests;
			productName = PWCodeEditorTests;
			productReference = D03563711AFD975B00662444 /* PWCodeEditorTests.xctest */;
			productType = "com.apple.product-type.bundle.unit-test";
		};
/* End PBXNativeTarget section */

/* Begin PBXProject section */
		D03563541AFD975A00662444 /* Project object */ = {
			isa = PBXProject;
			attributes = {
				LastUpgradeCheck = 0630;
				ORGANIZATIONNAME = Paveway;
				TargetAttributes = {
					D035635B1AFD975A00662444 = {
						CreatedOnToolsVersion = 6.3.1;
					};
					D03563701AFD975B00662444 = {
						CreatedOnToolsVersion = 6.3.1;
						TestTargetID = D035635B1AFD975A00662444;
					};
				};
			};
			buildConfigurationList = D03563571AFD975A00662444 /* Build configuration list for PBXProject "PWCodeEditor" */;
			compatibilityVersion = "Xcode 3.2";
			developmentRegion = English;
			hasScannedForEncodings = 0;
			knownRegions = (
				en,
				Base,
			);
			mainGroup = D03563531AFD975A00662444;
			productRefGroup = D035635D1AFD975A00662444 /* Products */;
			projectDirPath = "";
			projectRoot = "";
			targets = (
				D035635B1AFD975A00662444 /* PWCodeEditor */,
				D03563701AFD975B00662444 /* PWCodeEditorTests */,
			);
		};
/* End PBXProject section */

/* Begin PBXResourcesBuildPhase section */
		D035635A1AFD975A00662444 /* Resources */ = {
			isa = PBXResourcesBuildPhase;
			buildActionMask = 2147483647;
			files = (
				D03563691AFD975B00662444 /* Images.xcassets in Resources */,
			);
			runOnlyForDeploymentPostprocessing = 0;
		};
		D035636F1AFD975B00662444 /* Resources */ = {
			isa = PBXResourcesBuildPhase;
			buildActionMask = 2147483647;
			files = (
			);
			runOnlyForDeploymentPostprocessing = 0;
		};
/* End PBXResourcesBuildPhase section */

/* Begin PBXSourcesBuildPhase section */
		D03563581AFD975A00662444 /* Sources */ = {
			isa = PBXSourcesBuildPhase;
			buildActionMask = 2147483647;
			files = (
				D03563901AFD99C700662444 /* MainViewController.swift in Sources */,
				D03563941AFD99F300662444 /* Dialog.swift in Sources */,
				D035639B1AFD9A0300662444 /* Log.swift in Sources */,
				D035638D1AFD99C700662444 /* EditFileViewController.swift in Sources */,
				D03563991AFD9A0300662444 /* FileUtil.swift in Sources */,
				D03563861AFD99B000662444 /* CreateFileViewController.swift in Sources */,
				D035639A1AFD9A0300662444 /* LocaleConstants.swift in Sources */,
				D03563621AFD975A00662444 /* AppDelegate.swift in Sources */,
				D03563921AFD99C700662444 /* SettingViewController.swift in Sources */,
				D03563911AFD99C700662444 /* RecentFileListViewController.swift in Sources */,
				D035638F1AFD99C700662444 /* LocalFileListViewController.swift in Sources */,
				D035638E1AFD99C700662444 /* HelpViewController.swift in Sources */,
			);
			runOnlyForDeploymentPostprocessing = 0;
		};
		D035636D1AFD975B00662444 /* Sources */ = {
			isa = PBXSourcesBuildPhase;
			buildActionMask = 2147483647;
			files = (
				D03563781AFD975B00662444 /* PWCodeEditorTests.swift in Sources */,
			);
			runOnlyForDeploymentPostprocessing = 0;
		};
/* End PBXSourcesBuildPhase section */

/* Begin PBXTargetDependency section */
		D03563731AFD975B00662444 /* PBXTargetDependency */ = {
			isa = PBXTargetDependency;
			target = D035635B1AFD975A00662444 /* PWCodeEditor */;
			targetProxy = D03563721AFD975B00662444 /* PBXContainerItemProxy */;
		};
/* End PBXTargetDependency section */

/* Begin XCBuildConfiguration section */
		D03563791AFD975B00662444 /* Debug */ = {
			isa = XCBuildConfiguration;
			buildSettings = {
				ALWAYS_SEARCH_USER_PATHS = NO;
				CLANG_CXX_LANGUAGE_STANDARD = "gnu++0x";
				CLANG_CXX_LIBRARY = "libc++";
				CLANG_ENABLE_MODULES = YES;
				CLANG_ENABLE_OBJC_ARC = YES;
				CLANG_WARN_BOOL_CONVERSION = YES;
				CLANG_WARN_CONSTANT_CONVERSION = YES;
				CLANG_WARN_DIRECT_OBJC_ISA_USAGE = YES_ERROR;
				CLANG_WARN_EMPTY_BODY = YES;
				CLANG_WARN_ENUM_CONVERSION = YES;
				CLANG_WARN_INT_CONVERSION = YES;
				CLANG_WARN_OBJC_ROOT_CLASS = YES_ERROR;
				CLANG_WARN_UNREACHABLE_CODE = YES;
				CLANG_WARN__DUPLICATE_METHOD_MATCH = YES;
				"CODE_SIGN_IDENTITY[sdk=iphoneos*]" = "iPhone Developer";
				COPY_PHASE_STRIP = NO;
				DEBUG_INFORMATION_FORMAT = "dwarf-with-dsym";
				ENABLE_STRICT_OBJC_MSGSEND = YES;
				GCC_C_LANGUAGE_STANDARD = gnu99;
				GCC_DYNAMIC_NO_PIC = NO;
				GCC_NO_COMMON_BLOCKS = YES;
				GCC_OPTIMIZATION_LEVEL = 0;
				GCC_PREPROCESSOR_DEFINITIONS = (
					"DEBUG=1",
					"$(inherited)",
				);
				GCC_SYMBOLS_PRIVATE_EXTERN = NO;
				GCC_WARN_64_TO_32_BIT_CONVERSION = YES;
				GCC_WARN_ABOUT_RETURN_TYPE = YES_ERROR;
				GCC_WARN_UNDECLARED_SELECTOR = YES;
				GCC_WARN_UNINITIALIZED_AUTOS = YES_AGGRESSIVE;
				GCC_WARN_UNUSED_FUNCTION = YES;
				GCC_WARN_UNUSED_VARIABLE = YES;
				IPHONEOS_DEPLOYMENT_TARGET = 8.3;
				MTL_ENABLE_DEBUG_INFO = YES;
				ONLY_ACTIVE_ARCH = YES;
				SDKROOT = iphoneos;
				SWIFT_OPTIMIZATION_LEVEL = "-Onone";
			};
			name = Debug;
		};
		D035637A1AFD975B00662444 /* Release */ = {
			isa = XCBuildConfiguration;
			buildSettings = {
				ALWAYS_SEARCH_USER_PATHS = NO;
				CLANG_CXX_LANGUAGE_STANDARD = "gnu++0x";
				CLANG_CXX_LIBRARY = "libc++";
				CLANG_ENABLE_MODULES = YES;
				CLANG_ENABLE_OBJC_ARC = YES;
				CLANG_WARN_BOOL_CONVERSION = YES;
				CLANG_WARN_CONSTANT_CONVERSION = YES;
				CLANG_WARN_DIRECT_OBJC_ISA_USAGE = YES_ERROR;
				CLANG_WARN_EMPTY_BODY = YES;
				CLANG_WARN_ENUM_CONVERSION = YES;
				CLANG_WARN_INT_CONVERSION = YES;
				CLANG_WARN_OBJC_ROOT_CLASS = YES_ERROR;
				CLANG_WARN_UNREACHABLE_CODE = YES;
				CLANG_WARN__DUPLICATE_METHOD_MATCH = YES;
				"CODE_SIGN_IDENTITY[sdk=iphoneos*]" = "iPhone Developer";
				COPY_PHASE_STRIP = NO;
				DEBUG_INFORMATION_FORMAT = "dwarf-with-dsym";
				ENABLE_NS_ASSERTIONS = NO;
				ENABLE_STRICT_OBJC_MSGSEND = YES;
				GCC_C_LANGUAGE_STANDARD = gnu99;
				GCC_NO_COMMON_BLOCKS = YES;
				GCC_WARN_64_TO_32_BIT_CONVERSION = YES;
				GCC_WARN_ABOUT_RETURN_TYPE = YES_ERROR;
				GCC_WARN_UNDECLARED_SELECTOR = YES;
				GCC_WARN_UNINITIALIZED_AUTOS = YES_AGGRESSIVE;
				GCC_WARN_UNUSED_FUNCTION = YES;
				GCC_WARN_UNUSED_VARIABLE = YES;
				IPHONEOS_DEPLOYMENT_TARGET = 8.3;
				MTL_ENABLE_DEBUG_INFO = NO;
				SDKROOT = iphoneos;
				VALIDATE_PRODUCT = YES;
			};
			name = Release;
		};
		D035637C1AFD975B00662444 /* Debug */ = {
			isa = XCBuildConfiguration;
			buildSettings = {
				ASSETCATALOG_COMPILER_APPICON_NAME = AppIcon;
				ASSETCATALOG_COMPILER_LAUNCHIMAGE_NAME = LaunchImage;
				INFOPLIST_FILE = PWCodeEditor/Info.plist;
				LD_RUNPATH_SEARCH_PATHS = "$(inherited) @executable_path/Frameworks";
				PRODUCT_NAME = "$(TARGET_NAME)";
			};
			name = Debug;
		};
		D035637D1AFD975B00662444 /* Release */ = {
			isa = XCBuildConfiguration;
			buildSettings = {
				ASSETCATALOG_COMPILER_APPICON_NAME = AppIcon;
				ASSETCATALOG_COMPILER_LAUNCHIMAGE_NAME = LaunchImage;
				INFOPLIST_FILE = PWCodeEditor/Info.plist;
				LD_RUNPATH_SEARCH_PATHS = "$(inherited) @executable_path/Frameworks";
				PRODUCT_NAME = "$(TARGET_NAME)";
			};
			name = Release;
		};
		D035637F1AFD975B00662444 /* Debug */ = {
			isa = XCBuildConfiguration;
			buildSettings = {
				BUNDLE_LOADER = "$(TEST_HOST)";
				FRAMEWORK_SEARCH_PATHS = (
					"$(SDKROOT)/Developer/Library/Frameworks",
					"$(inherited)",
				);
				GCC_PREPROCESSOR_DEFINITIONS = (
					"DEBUG=1",
					"$(inherited)",
				);
				INFOPLIST_FILE = PWCodeEditorTests/Info.plist;
				LD_RUNPATH_SEARCH_PATHS = "$(inherited) @executable_path/Frameworks @loader_path/Frameworks";
				PRODUCT_NAME = "$(TARGET_NAME)";
				TEST_HOST = "$(BUILT_PRODUCTS_DIR)/PWCodeEditor.app/PWCodeEditor";
			};
			name = Debug;
		};
		D03563801AFD975B00662444 /* Release */ = {
			isa = XCBuildConfiguration;
			buildSettings = {
				BUNDLE_LOADER = "$(TEST_HOST)";
				FRAMEWORK_SEARCH_PATHS = (
					"$(SDKROOT)/Developer/Library/Frameworks",
					"$(inherited)",
				);
				INFOPLIST_FILE = PWCodeEditorTests/Info.plist;
				LD_RUNPATH_SEARCH_PATHS = "$(inherited) @executable_path/Frameworks @loader_path/Frameworks";
				PRODUCT_NAME = "$(TARGET_NAME)";
				TEST_HOST = "$(BUILT_PRODUCTS_DIR)/PWCodeEditor.app/PWCodeEditor";
			};
			name = Release;
		};
/* End XCBuildConfiguration section */

/* Begin XCConfigurationList section */
		D03563571AFD975A00662444 /* Build configuration list for PBXProject "PWCodeEditor" */ = {
			isa = XCConfigurationList;
			buildConfigurations = (
				D03563791AFD975B00662444 /* Debug */,
				D035637A1AFD975B00662444 /* Release */,
			);
			defaultConfigurationIsVisible = 0;
			defaultConfigurationName = Release;
		};
		D035637B1AFD975B00662444 /* Build configuration list for PBXNativeTarget "PWCodeEditor" */ = {
			isa = XCConfigurationList;
			buildConfigurations = (
				D035637C1AFD975B00662444 /* Debug */,
				D035637D1AFD975B00662444 /* Release */,
			);
			defaultConfigurationIsVisible = 0;
			defaultConfigurationName = Release;
		};
		D035637E1AFD975B00662444 /* Build configuration list for PBXNativeTarget "PWCodeEditorTests" */ = {
			isa = XCConfigurationList;
			buildConfigurations = (
				D035637F1AFD975B00662444 /* Debug */,
				D03563801AFD975B00662444 /* Release */,
			);
			defaultConfigurationIsVisible = 0;
			defaultConfigurationName = Release;
		};
/* End XCConfigurationList section */
	};
	rootObject = D03563541AFD975A00662444 /* Project object */;
}
